<?xml version="1.0" encoding="utf-8"?>
<Project ToolsVersion="16.0" xmlns="http://schemas.microsoft.com/developer/msbuild/2003">
  <ItemGroup>
    <CustomBuild Include="C:\data\git\fictrac\CMakeFiles\acc131fe684615339ed2c708107f2e86\generate.stamp.rule">
      <Filter>CMake Rules</Filter>
    </CustomBuild>
  </ItemGroup>
  <ItemGroup>
    <Filter Include="CMake Rules">
      <UniqueIdentifier>{BEA7CED6-915D-3869-A906-F879A44500CB}</UniqueIdentifier>
    </Filter>
  </ItemGroup>
</Project>
